
Microsoft Visual Studio Solution File, Format Version 10.00
# Visual Studio 2008
Project("{2150E333-8FDC-42A3-9474-1A3956D46DE8}") = "assert", "assert", "{485CFC68-2326-4D58-96A0-85B0CED7FD96}"
EndProject
Project("{2150E333-8FDC-42A3-9474-1A3956D46DE8}") = "error", "error", "{B8A3BB26-7E0A-425F-BFA8-EE21462FD767}"
EndProject
Project("{2150E333-8FDC-42A3-9474-1A3956D46DE8}") = "math", "math", "{A9AE4406-2A3F-452E-80D8-534E4D0163A0}"
EndProject
Project("{2150E333-8FDC-42A3-9474-1A3956D46DE8}") = "pointer", "pointer", "{44F15129-CD65-46DA-B4FD-AD9C5CCA3700}"
EndProject
Project("{2150E333-8FDC-42A3-9474-1A3956D46DE8}") = "unit", "unit", "{C4B1E259-E6C7-43DB-8FA7-B38213554FFD}"
EndProject
Project("{2150E333-8FDC-42A3-9474-1A3956D46DE8}") = "Solution Items", "Solution Items", "{F29A8337-52C9-450C-9DF3-763530C19A5D}"
	ProjectSection(SolutionItems) = preProject
		build.hpp = build.hpp
		build.lua = build.lua
	EndProjectSection
EndProject
Project("{2150E333-8FDC-42A3-9474-1A3956D46DE8}") = "render", "render", "{34407E98-B4CC-417E-8947-79EAF3E3F334}"
EndProject
Project("{2150E333-8FDC-42A3-9474-1A3956D46DE8}") = "png", "png", "{0D154C60-7DEA-4667-83C4-6F113C0AC51E}"
EndProject
Project("{2150E333-8FDC-42A3-9474-1A3956D46DE8}") = "zlib", "zlib", "{BDB8217A-7960-4106-9F25-0D1B08982840}"
EndProject
Project("{8BC9CEB8-8B4A-11D0-8D11-00A0C91BC942}") = "assert", "assert\assert.vcproj", "{EF8E4419-836F-4351-85CC-E387E17EF570}"
EndProject
Project("{8BC9CEB8-8B4A-11D0-8D11-00A0C91BC942}") = "error", "error\error.vcproj", "{17FDD953-1D77-4489-8E54-9A3783022D3B}"
EndProject
Project("{8BC9CEB8-8B4A-11D0-8D11-00A0C91BC942}") = "math_test", "math\math_test\math_test.vcproj", "{0368EB01-6E14-43F1-9532-5A3B2CCC6ADC}"
EndProject
Project("{8BC9CEB8-8B4A-11D0-8D11-00A0C91BC942}") = "pointer", "pointer\pointer.vcproj", "{2A33010B-261D-4EB6-8288-D03FA319DE64}"
EndProject
Project("{8BC9CEB8-8B4A-11D0-8D11-00A0C91BC942}") = "unit_test", "unit\unit_test\unit_test.vcproj", "{8E43BEC1-251A-4ABE-8E02-22C1A58F8C76}"
EndProject
Project("{8BC9CEB8-8B4A-11D0-8D11-00A0C91BC942}") = "zlib", "zlib\zlib.vcproj", "{D77D4918-0B4D-449F-834B-EA4EF334D2E7}"
EndProject
Project("{8BC9CEB8-8B4A-11D0-8D11-00A0C91BC942}") = "math", "math\math.vcproj", "{42968798-E25F-4599-A59A-FEFD51B3EF4A}"
EndProject
Project("{8BC9CEB8-8B4A-11D0-8D11-00A0C91BC942}") = "pointer_test", "pointer\pointer_test\pointer_test.vcproj", "{614B7BC9-8C0C-4228-84B4-1FD64EC472E4}"
EndProject
Project("{2150E333-8FDC-42A3-9474-1A3956D46DE8}") = "atomic", "atomic", "{43AEDD86-2E27-4ED3-8EC7-5FF6696B175E}"
EndProject
Project("{8BC9CEB8-8B4A-11D0-8D11-00A0C91BC942}") = "atomic", "atomic\atomic.vcproj", "{24A2A30D-1C57-4019-AD79-651CE8A7A314}"
EndProject
Project("{2150E333-8FDC-42A3-9474-1A3956D46DE8}") = "jpeg", "jpeg", "{983FCB1A-92FD-4755-91AC-C0F1326FB717}"
EndProject
Project("{8BC9CEB8-8B4A-11D0-8D11-00A0C91BC942}") = "jpeg", "jpeg\jpeg.vcproj", "{B1EB0C0B-8E2A-497E-BE1B-069727A9104F}"
EndProject
Project("{8BC9CEB8-8B4A-11D0-8D11-00A0C91BC942}") = "libpng", "png\libpng.vcproj", "{1DA27A46-CE1C-41E0-8CA9-777F7F073772}"
EndProject
Project("{8BC9CEB8-8B4A-11D0-8D11-00A0C91BC942}") = "libUnitTest", "unit\libUnitTest.vcproj", "{686A7A31-CE02-418A-B50B-DDF10322F60D}"
EndProject
Project("{8BC9CEB8-8B4A-11D0-8D11-00A0C91BC942}") = "render", "render\render.vcproj", "{E87EEAD6-6FE9-47EC-B04F-8B66F39B7A4B}"
EndProject
Project("{8BC9CEB8-8B4A-11D0-8D11-00A0C91BC942}") = "render_examples", "render\render_examples\render_examples.vcproj", "{94A75B09-C8CB-4DC5-ABAE-1A8A8632F4E9}"
EndProject
Project("{8BC9CEB8-8B4A-11D0-8D11-00A0C91BC942}") = "render_test", "render\render_test\render_test.vcproj", "{10FEE004-65F2-41FF-B7DB-F97FD6D455CF}"
EndProject
Global
	GlobalSection(SolutionConfigurationPlatforms) = preSolution
		mingw_debug_dll|Win32 = mingw_debug_dll|Win32
		mingw_debug|Win32 = mingw_debug|Win32
		mingw_release_dll|Win32 = mingw_release_dll|Win32
		mingw_release|Win32 = mingw_release|Win32
		mingw_shipping_dll|Win32 = mingw_shipping_dll|Win32
		mingw_shipping|Win32 = mingw_shipping|Win32
		msvc_debug_dll|Win32 = msvc_debug_dll|Win32
		msvc_debug|Win32 = msvc_debug|Win32
		msvc_release_dll|Win32 = msvc_release_dll|Win32
		msvc_release|Win32 = msvc_release|Win32
		msvc_shipping_dll|Win32 = msvc_shipping_dll|Win32
		msvc_shipping|Win32 = msvc_shipping|Win32
	EndGlobalSection
	GlobalSection(ProjectConfigurationPlatforms) = postSolution
		{EF8E4419-836F-4351-85CC-E387E17EF570}.mingw_debug_dll|Win32.ActiveCfg = mingw_debug_dll|Win32
		{EF8E4419-836F-4351-85CC-E387E17EF570}.mingw_debug_dll|Win32.Build.0 = mingw_debug_dll|Win32
		{EF8E4419-836F-4351-85CC-E387E17EF570}.mingw_debug|Win32.ActiveCfg = mingw_debug|Win32
		{EF8E4419-836F-4351-85CC-E387E17EF570}.mingw_debug|Win32.Build.0 = mingw_debug|Win32
		{EF8E4419-836F-4351-85CC-E387E17EF570}.mingw_release_dll|Win32.ActiveCfg = mingw_release_dll|Win32
		{EF8E4419-836F-4351-85CC-E387E17EF570}.mingw_release_dll|Win32.Build.0 = mingw_release_dll|Win32
		{EF8E4419-836F-4351-85CC-E387E17EF570}.mingw_release|Win32.ActiveCfg = mingw_release|Win32
		{EF8E4419-836F-4351-85CC-E387E17EF570}.mingw_release|Win32.Build.0 = mingw_release|Win32
		{EF8E4419-836F-4351-85CC-E387E17EF570}.mingw_shipping_dll|Win32.ActiveCfg = mingw_shipping_dll|Win32
		{EF8E4419-836F-4351-85CC-E387E17EF570}.mingw_shipping_dll|Win32.Build.0 = mingw_shipping_dll|Win32
		{EF8E4419-836F-4351-85CC-E387E17EF570}.mingw_shipping|Win32.ActiveCfg = mingw_shipping|Win32
		{EF8E4419-836F-4351-85CC-E387E17EF570}.mingw_shipping|Win32.Build.0 = mingw_shipping|Win32
		{EF8E4419-836F-4351-85CC-E387E17EF570}.msvc_debug_dll|Win32.ActiveCfg = msvc_debug_dll|Win32
		{EF8E4419-836F-4351-85CC-E387E17EF570}.msvc_debug_dll|Win32.Build.0 = msvc_debug_dll|Win32
		{EF8E4419-836F-4351-85CC-E387E17EF570}.msvc_debug|Win32.ActiveCfg = msvc_debug|Win32
		{EF8E4419-836F-4351-85CC-E387E17EF570}.msvc_debug|Win32.Build.0 = msvc_debug|Win32
		{EF8E4419-836F-4351-85CC-E387E17EF570}.msvc_release_dll|Win32.ActiveCfg = msvc_release_dll|Win32
		{EF8E4419-836F-4351-85CC-E387E17EF570}.msvc_release_dll|Win32.Build.0 = msvc_release_dll|Win32
		{EF8E4419-836F-4351-85CC-E387E17EF570}.msvc_release|Win32.ActiveCfg = msvc_release|Win32
		{EF8E4419-836F-4351-85CC-E387E17EF570}.msvc_release|Win32.Build.0 = msvc_release|Win32
		{EF8E4419-836F-4351-85CC-E387E17EF570}.msvc_shipping_dll|Win32.ActiveCfg = msvc_shipping_dll|Win32
		{EF8E4419-836F-4351-85CC-E387E17EF570}.msvc_shipping_dll|Win32.Build.0 = msvc_shipping_dll|Win32
		{EF8E4419-836F-4351-85CC-E387E17EF570}.msvc_shipping|Win32.ActiveCfg = msvc_shipping|Win32
		{EF8E4419-836F-4351-85CC-E387E17EF570}.msvc_shipping|Win32.Build.0 = msvc_shipping|Win32
		{17FDD953-1D77-4489-8E54-9A3783022D3B}.mingw_debug_dll|Win32.ActiveCfg = mingw_debug_dll|Win32
		{17FDD953-1D77-4489-8E54-9A3783022D3B}.mingw_debug_dll|Win32.Build.0 = mingw_debug_dll|Win32
		{17FDD953-1D77-4489-8E54-9A3783022D3B}.mingw_debug|Win32.ActiveCfg = mingw_debug|Win32
		{17FDD953-1D77-4489-8E54-9A3783022D3B}.mingw_debug|Win32.Build.0 = mingw_debug|Win32
		{17FDD953-1D77-4489-8E54-9A3783022D3B}.mingw_release_dll|Win32.ActiveCfg = mingw_release_dll|Win32
		{17FDD953-1D77-4489-8E54-9A3783022D3B}.mingw_release_dll|Win32.Build.0 = mingw_release_dll|Win32
		{17FDD953-1D77-4489-8E54-9A3783022D3B}.mingw_release|Win32.ActiveCfg = mingw_release|Win32
		{17FDD953-1D77-4489-8E54-9A3783022D3B}.mingw_release|Win32.Build.0 = mingw_release|Win32
		{17FDD953-1D77-4489-8E54-9A3783022D3B}.mingw_shipping_dll|Win32.ActiveCfg = mingw_shipping_dll|Win32
		{17FDD953-1D77-4489-8E54-9A3783022D3B}.mingw_shipping_dll|Win32.Build.0 = mingw_shipping_dll|Win32
		{17FDD953-1D77-4489-8E54-9A3783022D3B}.mingw_shipping|Win32.ActiveCfg = mingw_shipping|Win32
		{17FDD953-1D77-4489-8E54-9A3783022D3B}.mingw_shipping|Win32.Build.0 = mingw_shipping|Win32
		{17FDD953-1D77-4489-8E54-9A3783022D3B}.msvc_debug_dll|Win32.ActiveCfg = msvc_debug_dll|Win32
		{17FDD953-1D77-4489-8E54-9A3783022D3B}.msvc_debug_dll|Win32.Build.0 = msvc_debug_dll|Win32
		{17FDD953-1D77-4489-8E54-9A3783022D3B}.msvc_debug|Win32.ActiveCfg = msvc_debug|Win32
		{17FDD953-1D77-4489-8E54-9A3783022D3B}.msvc_debug|Win32.Build.0 = msvc_debug|Win32
		{17FDD953-1D77-4489-8E54-9A3783022D3B}.msvc_release_dll|Win32.ActiveCfg = msvc_release_dll|Win32
		{17FDD953-1D77-4489-8E54-9A3783022D3B}.msvc_release_dll|Win32.Build.0 = msvc_release_dll|Win32
		{17FDD953-1D77-4489-8E54-9A3783022D3B}.msvc_release|Win32.ActiveCfg = msvc_release|Win32
		{17FDD953-1D77-4489-8E54-9A3783022D3B}.msvc_release|Win32.Build.0 = msvc_release|Win32
		{17FDD953-1D77-4489-8E54-9A3783022D3B}.msvc_shipping_dll|Win32.ActiveCfg = msvc_shipping_dll|Win32
		{17FDD953-1D77-4489-8E54-9A3783022D3B}.msvc_shipping_dll|Win32.Build.0 = msvc_shipping_dll|Win32
		{17FDD953-1D77-4489-8E54-9A3783022D3B}.msvc_shipping|Win32.ActiveCfg = msvc_shipping|Win32
		{17FDD953-1D77-4489-8E54-9A3783022D3B}.msvc_shipping|Win32.Build.0 = msvc_shipping|Win32
		{0368EB01-6E14-43F1-9532-5A3B2CCC6ADC}.mingw_debug_dll|Win32.ActiveCfg = mingw_debug_dll|Win32
		{0368EB01-6E14-43F1-9532-5A3B2CCC6ADC}.mingw_debug_dll|Win32.Build.0 = mingw_debug_dll|Win32
		{0368EB01-6E14-43F1-9532-5A3B2CCC6ADC}.mingw_debug|Win32.ActiveCfg = mingw_debug|Win32
		{0368EB01-6E14-43F1-9532-5A3B2CCC6ADC}.mingw_debug|Win32.Build.0 = mingw_debug|Win32
		{0368EB01-6E14-43F1-9532-5A3B2CCC6ADC}.mingw_release_dll|Win32.ActiveCfg = mingw_release_dll|Win32
		{0368EB01-6E14-43F1-9532-5A3B2CCC6ADC}.mingw_release_dll|Win32.Build.0 = mingw_release_dll|Win32
		{0368EB01-6E14-43F1-9532-5A3B2CCC6ADC}.mingw_release|Win32.ActiveCfg = mingw_release|Win32
		{0368EB01-6E14-43F1-9532-5A3B2CCC6ADC}.mingw_release|Win32.Build.0 = mingw_release|Win32
		{0368EB01-6E14-43F1-9532-5A3B2CCC6ADC}.mingw_shipping_dll|Win32.ActiveCfg = mingw_shipping_dll|Win32
		{0368EB01-6E14-43F1-9532-5A3B2CCC6ADC}.mingw_shipping_dll|Win32.Build.0 = mingw_shipping_dll|Win32
		{0368EB01-6E14-43F1-9532-5A3B2CCC6ADC}.mingw_shipping|Win32.ActiveCfg = mingw_shipping|Win32
		{0368EB01-6E14-43F1-9532-5A3B2CCC6ADC}.mingw_shipping|Win32.Build.0 = mingw_shipping|Win32
		{0368EB01-6E14-43F1-9532-5A3B2CCC6ADC}.msvc_debug_dll|Win32.ActiveCfg = msvc_debug_dll|Win32
		{0368EB01-6E14-43F1-9532-5A3B2CCC6ADC}.msvc_debug_dll|Win32.Build.0 = msvc_debug_dll|Win32
		{0368EB01-6E14-43F1-9532-5A3B2CCC6ADC}.msvc_debug|Win32.ActiveCfg = msvc_debug|Win32
		{0368EB01-6E14-43F1-9532-5A3B2CCC6ADC}.msvc_debug|Win32.Build.0 = msvc_debug|Win32
		{0368EB01-6E14-43F1-9532-5A3B2CCC6ADC}.msvc_release_dll|Win32.ActiveCfg = msvc_release_dll|Win32
		{0368EB01-6E14-43F1-9532-5A3B2CCC6ADC}.msvc_release_dll|Win32.Build.0 = msvc_release_dll|Win32
		{0368EB01-6E14-43F1-9532-5A3B2CCC6ADC}.msvc_release|Win32.ActiveCfg = msvc_release|Win32
		{0368EB01-6E14-43F1-9532-5A3B2CCC6ADC}.msvc_release|Win32.Build.0 = msvc_release|Win32
		{0368EB01-6E14-43F1-9532-5A3B2CCC6ADC}.msvc_shipping_dll|Win32.ActiveCfg = msvc_shipping_dll|Win32
		{0368EB01-6E14-43F1-9532-5A3B2CCC6ADC}.msvc_shipping_dll|Win32.Build.0 = msvc_shipping_dll|Win32
		{0368EB01-6E14-43F1-9532-5A3B2CCC6ADC}.msvc_shipping|Win32.ActiveCfg = msvc_shipping|Win32
		{0368EB01-6E14-43F1-9532-5A3B2CCC6ADC}.msvc_shipping|Win32.Build.0 = msvc_shipping|Win32
		{2A33010B-261D-4EB6-8288-D03FA319DE64}.mingw_debug_dll|Win32.ActiveCfg = mingw_debug_dll|Win32
		{2A33010B-261D-4EB6-8288-D03FA319DE64}.mingw_debug_dll|Win32.Build.0 = mingw_debug_dll|Win32
		{2A33010B-261D-4EB6-8288-D03FA319DE64}.mingw_debug|Win32.ActiveCfg = mingw_debug|Win32
		{2A33010B-261D-4EB6-8288-D03FA319DE64}.mingw_debug|Win32.Build.0 = mingw_debug|Win32
		{2A33010B-261D-4EB6-8288-D03FA319DE64}.mingw_release_dll|Win32.ActiveCfg = mingw_release_dll|Win32
		{2A33010B-261D-4EB6-8288-D03FA319DE64}.mingw_release_dll|Win32.Build.0 = mingw_release_dll|Win32
		{2A33010B-261D-4EB6-8288-D03FA319DE64}.mingw_release|Win32.ActiveCfg = mingw_release|Win32
		{2A33010B-261D-4EB6-8288-D03FA319DE64}.mingw_release|Win32.Build.0 = mingw_release|Win32
		{2A33010B-261D-4EB6-8288-D03FA319DE64}.mingw_shipping_dll|Win32.ActiveCfg = mingw_shipping_dll|Win32
		{2A33010B-261D-4EB6-8288-D03FA319DE64}.mingw_shipping_dll|Win32.Build.0 = mingw_shipping_dll|Win32
		{2A33010B-261D-4EB6-8288-D03FA319DE64}.mingw_shipping|Win32.ActiveCfg = mingw_shipping|Win32
		{2A33010B-261D-4EB6-8288-D03FA319DE64}.mingw_shipping|Win32.Build.0 = mingw_shipping|Win32
		{2A33010B-261D-4EB6-8288-D03FA319DE64}.msvc_debug_dll|Win32.ActiveCfg = msvc_debug_dll|Win32
		{2A33010B-261D-4EB6-8288-D03FA319DE64}.msvc_debug_dll|Win32.Build.0 = msvc_debug_dll|Win32
		{2A33010B-261D-4EB6-8288-D03FA319DE64}.msvc_debug|Win32.ActiveCfg = msvc_debug|Win32
		{2A33010B-261D-4EB6-8288-D03FA319DE64}.msvc_debug|Win32.Build.0 = msvc_debug|Win32
		{2A33010B-261D-4EB6-8288-D03FA319DE64}.msvc_release_dll|Win32.ActiveCfg = msvc_release_dll|Win32
		{2A33010B-261D-4EB6-8288-D03FA319DE64}.msvc_release_dll|Win32.Build.0 = msvc_release_dll|Win32
		{2A33010B-261D-4EB6-8288-D03FA319DE64}.msvc_release|Win32.ActiveCfg = msvc_release|Win32
		{2A33010B-261D-4EB6-8288-D03FA319DE64}.msvc_release|Win32.Build.0 = msvc_release|Win32
		{2A33010B-261D-4EB6-8288-D03FA319DE64}.msvc_shipping_dll|Win32.ActiveCfg = msvc_shipping_dll|Win32
		{2A33010B-261D-4EB6-8288-D03FA319DE64}.msvc_shipping_dll|Win32.Build.0 = msvc_shipping_dll|Win32
		{2A33010B-261D-4EB6-8288-D03FA319DE64}.msvc_shipping|Win32.ActiveCfg = msvc_shipping|Win32
		{2A33010B-261D-4EB6-8288-D03FA319DE64}.msvc_shipping|Win32.Build.0 = msvc_shipping|Win32
		{8E43BEC1-251A-4ABE-8E02-22C1A58F8C76}.mingw_debug_dll|Win32.ActiveCfg = mingw_debug_dll|Win32
		{8E43BEC1-251A-4ABE-8E02-22C1A58F8C76}.mingw_debug_dll|Win32.Build.0 = mingw_debug_dll|Win32
		{8E43BEC1-251A-4ABE-8E02-22C1A58F8C76}.mingw_debug|Win32.ActiveCfg = mingw_debug|Win32
		{8E43BEC1-251A-4ABE-8E02-22C1A58F8C76}.mingw_debug|Win32.Build.0 = mingw_debug|Win32
		{8E43BEC1-251A-4ABE-8E02-22C1A58F8C76}.mingw_release_dll|Win32.ActiveCfg = mingw_release_dll|Win32
		{8E43BEC1-251A-4ABE-8E02-22C1A58F8C76}.mingw_release_dll|Win32.Build.0 = mingw_release_dll|Win32
		{8E43BEC1-251A-4ABE-8E02-22C1A58F8C76}.mingw_release|Win32.ActiveCfg = mingw_release|Win32
		{8E43BEC1-251A-4ABE-8E02-22C1A58F8C76}.mingw_release|Win32.Build.0 = mingw_release|Win32
		{8E43BEC1-251A-4ABE-8E02-22C1A58F8C76}.mingw_shipping_dll|Win32.ActiveCfg = mingw_shipping_dll|Win32
		{8E43BEC1-251A-4ABE-8E02-22C1A58F8C76}.mingw_shipping_dll|Win32.Build.0 = mingw_shipping_dll|Win32
		{8E43BEC1-251A-4ABE-8E02-22C1A58F8C76}.mingw_shipping|Win32.ActiveCfg = mingw_shipping|Win32
		{8E43BEC1-251A-4ABE-8E02-22C1A58F8C76}.mingw_shipping|Win32.Build.0 = mingw_shipping|Win32
		{8E43BEC1-251A-4ABE-8E02-22C1A58F8C76}.msvc_debug_dll|Win32.ActiveCfg = msvc_debug_dll|Win32
		{8E43BEC1-251A-4ABE-8E02-22C1A58F8C76}.msvc_debug_dll|Win32.Build.0 = msvc_debug_dll|Win32
		{8E43BEC1-251A-4ABE-8E02-22C1A58F8C76}.msvc_debug|Win32.ActiveCfg = msvc_debug|Win32
		{8E43BEC1-251A-4ABE-8E02-22C1A58F8C76}.msvc_debug|Win32.Build.0 = msvc_debug|Win32
		{8E43BEC1-251A-4ABE-8E02-22C1A58F8C76}.msvc_release_dll|Win32.ActiveCfg = msvc_release_dll|Win32
		{8E43BEC1-251A-4ABE-8E02-22C1A58F8C76}.msvc_release_dll|Win32.Build.0 = msvc_release_dll|Win32
		{8E43BEC1-251A-4ABE-8E02-22C1A58F8C76}.msvc_release|Win32.ActiveCfg = msvc_release|Win32
		{8E43BEC1-251A-4ABE-8E02-22C1A58F8C76}.msvc_release|Win32.Build.0 = msvc_release|Win32
		{8E43BEC1-251A-4ABE-8E02-22C1A58F8C76}.msvc_shipping_dll|Win32.ActiveCfg = msvc_shipping_dll|Win32
		{8E43BEC1-251A-4ABE-8E02-22C1A58F8C76}.msvc_shipping_dll|Win32.Build.0 = msvc_shipping_dll|Win32
		{8E43BEC1-251A-4ABE-8E02-22C1A58F8C76}.msvc_shipping|Win32.ActiveCfg = msvc_shipping|Win32
		{8E43BEC1-251A-4ABE-8E02-22C1A58F8C76}.msvc_shipping|Win32.Build.0 = msvc_shipping|Win32
		{D77D4918-0B4D-449F-834B-EA4EF334D2E7}.mingw_debug_dll|Win32.ActiveCfg = mingw_debug_dll|Win32
		{D77D4918-0B4D-449F-834B-EA4EF334D2E7}.mingw_debug_dll|Win32.Build.0 = mingw_debug_dll|Win32
		{D77D4918-0B4D-449F-834B-EA4EF334D2E7}.mingw_debug|Win32.ActiveCfg = mingw_debug|Win32
		{D77D4918-0B4D-449F-834B-EA4EF334D2E7}.mingw_debug|Win32.Build.0 = mingw_debug|Win32
		{D77D4918-0B4D-449F-834B-EA4EF334D2E7}.mingw_release_dll|Win32.ActiveCfg = mingw_release_dll|Win32
		{D77D4918-0B4D-449F-834B-EA4EF334D2E7}.mingw_release_dll|Win32.Build.0 = mingw_release_dll|Win32
		{D77D4918-0B4D-449F-834B-EA4EF334D2E7}.mingw_release|Win32.ActiveCfg = mingw_release|Win32
		{D77D4918-0B4D-449F-834B-EA4EF334D2E7}.mingw_release|Win32.Build.0 = mingw_release|Win32
		{D77D4918-0B4D-449F-834B-EA4EF334D2E7}.mingw_shipping_dll|Win32.ActiveCfg = mingw_shipping_dll|Win32
		{D77D4918-0B4D-449F-834B-EA4EF334D2E7}.mingw_shipping_dll|Win32.Build.0 = mingw_shipping_dll|Win32
		{D77D4918-0B4D-449F-834B-EA4EF334D2E7}.mingw_shipping|Win32.ActiveCfg = mingw_shipping|Win32
		{D77D4918-0B4D-449F-834B-EA4EF334D2E7}.mingw_shipping|Win32.Build.0 = mingw_shipping|Win32
		{D77D4918-0B4D-449F-834B-EA4EF334D2E7}.msvc_debug_dll|Win32.ActiveCfg = msvc_debug_dll|Win32
		{D77D4918-0B4D-449F-834B-EA4EF334D2E7}.msvc_debug_dll|Win32.Build.0 = msvc_debug_dll|Win32
		{D77D4918-0B4D-449F-834B-EA4EF334D2E7}.msvc_debug|Win32.ActiveCfg = msvc_debug|Win32
		{D77D4918-0B4D-449F-834B-EA4EF334D2E7}.msvc_debug|Win32.Build.0 = msvc_debug|Win32
		{D77D4918-0B4D-449F-834B-EA4EF334D2E7}.msvc_release_dll|Win32.ActiveCfg = msvc_release_dll|Win32
		{D77D4918-0B4D-449F-834B-EA4EF334D2E7}.msvc_release_dll|Win32.Build.0 = msvc_release_dll|Win32
		{D77D4918-0B4D-449F-834B-EA4EF334D2E7}.msvc_release|Win32.ActiveCfg = msvc_release|Win32
		{D77D4918-0B4D-449F-834B-EA4EF334D2E7}.msvc_release|Win32.Build.0 = msvc_release|Win32
		{D77D4918-0B4D-449F-834B-EA4EF334D2E7}.msvc_shipping_dll|Win32.ActiveCfg = msvc_shipping_dll|Win32
		{D77D4918-0B4D-449F-834B-EA4EF334D2E7}.msvc_shipping_dll|Win32.Build.0 = msvc_shipping_dll|Win32
		{D77D4918-0B4D-449F-834B-EA4EF334D2E7}.msvc_shipping|Win32.ActiveCfg = msvc_shipping|Win32
		{D77D4918-0B4D-449F-834B-EA4EF334D2E7}.msvc_shipping|Win32.Build.0 = msvc_shipping|Win32
		{42968798-E25F-4599-A59A-FEFD51B3EF4A}.mingw_debug_dll|Win32.ActiveCfg = mingw_debug_dll|Win32
		{42968798-E25F-4599-A59A-FEFD51B3EF4A}.mingw_debug_dll|Win32.Build.0 = mingw_debug_dll|Win32
		{42968798-E25F-4599-A59A-FEFD51B3EF4A}.mingw_debug|Win32.ActiveCfg = mingw_debug|Win32
		{42968798-E25F-4599-A59A-FEFD51B3EF4A}.mingw_debug|Win32.Build.0 = mingw_debug|Win32
		{42968798-E25F-4599-A59A-FEFD51B3EF4A}.mingw_release_dll|Win32.ActiveCfg = mingw_release_dll|Win32
		{42968798-E25F-4599-A59A-FEFD51B3EF4A}.mingw_release_dll|Win32.Build.0 = mingw_release_dll|Win32
		{42968798-E25F-4599-A59A-FEFD51B3EF4A}.mingw_release|Win32.ActiveCfg = mingw_release|Win32
		{42968798-E25F-4599-A59A-FEFD51B3EF4A}.mingw_release|Win32.Build.0 = mingw_release|Win32
		{42968798-E25F-4599-A59A-FEFD51B3EF4A}.mingw_shipping_dll|Win32.ActiveCfg = mingw_shipping_dll|Win32
		{42968798-E25F-4599-A59A-FEFD51B3EF4A}.mingw_shipping_dll|Win32.Build.0 = mingw_shipping_dll|Win32
		{42968798-E25F-4599-A59A-FEFD51B3EF4A}.mingw_shipping|Win32.ActiveCfg = mingw_shipping|Win32
		{42968798-E25F-4599-A59A-FEFD51B3EF4A}.mingw_shipping|Win32.Build.0 = mingw_shipping|Win32
		{42968798-E25F-4599-A59A-FEFD51B3EF4A}.msvc_debug_dll|Win32.ActiveCfg = msvc_debug_dll|Win32
		{42968798-E25F-4599-A59A-FEFD51B3EF4A}.msvc_debug_dll|Win32.Build.0 = msvc_debug_dll|Win32
		{42968798-E25F-4599-A59A-FEFD51B3EF4A}.msvc_debug|Win32.ActiveCfg = msvc_debug|Win32
		{42968798-E25F-4599-A59A-FEFD51B3EF4A}.msvc_debug|Win32.Build.0 = msvc_debug|Win32
		{42968798-E25F-4599-A59A-FEFD51B3EF4A}.msvc_release_dll|Win32.ActiveCfg = msvc_release_dll|Win32
		{42968798-E25F-4599-A59A-FEFD51B3EF4A}.msvc_release_dll|Win32.Build.0 = msvc_release_dll|Win32
		{42968798-E25F-4599-A59A-FEFD51B3EF4A}.msvc_release|Win32.ActiveCfg = msvc_release|Win32
		{42968798-E25F-4599-A59A-FEFD51B3EF4A}.msvc_release|Win32.Build.0 = msvc_release|Win32
		{42968798-E25F-4599-A59A-FEFD51B3EF4A}.msvc_shipping_dll|Win32.ActiveCfg = msvc_shipping_dll|Win32
		{42968798-E25F-4599-A59A-FEFD51B3EF4A}.msvc_shipping_dll|Win32.Build.0 = msvc_shipping_dll|Win32
		{42968798-E25F-4599-A59A-FEFD51B3EF4A}.msvc_shipping|Win32.ActiveCfg = msvc_shipping|Win32
		{42968798-E25F-4599-A59A-FEFD51B3EF4A}.msvc_shipping|Win32.Build.0 = msvc_shipping|Win32
		{614B7BC9-8C0C-4228-84B4-1FD64EC472E4}.mingw_debug_dll|Win32.ActiveCfg = mingw_debug_dll|Win32
		{614B7BC9-8C0C-4228-84B4-1FD64EC472E4}.mingw_debug_dll|Win32.Build.0 = mingw_debug_dll|Win32
		{614B7BC9-8C0C-4228-84B4-1FD64EC472E4}.mingw_debug|Win32.ActiveCfg = mingw_debug|Win32
		{614B7BC9-8C0C-4228-84B4-1FD64EC472E4}.mingw_debug|Win32.Build.0 = mingw_debug|Win32
		{614B7BC9-8C0C-4228-84B4-1FD64EC472E4}.mingw_release_dll|Win32.ActiveCfg = mingw_release_dll|Win32
		{614B7BC9-8C0C-4228-84B4-1FD64EC472E4}.mingw_release_dll|Win32.Build.0 = mingw_release_dll|Win32
		{614B7BC9-8C0C-4228-84B4-1FD64EC472E4}.mingw_release|Win32.ActiveCfg = mingw_release|Win32
		{614B7BC9-8C0C-4228-84B4-1FD64EC472E4}.mingw_release|Win32.Build.0 = mingw_release|Win32
		{614B7BC9-8C0C-4228-84B4-1FD64EC472E4}.mingw_shipping_dll|Win32.ActiveCfg = mingw_shipping_dll|Win32
		{614B7BC9-8C0C-4228-84B4-1FD64EC472E4}.mingw_shipping_dll|Win32.Build.0 = mingw_shipping_dll|Win32
		{614B7BC9-8C0C-4228-84B4-1FD64EC472E4}.mingw_shipping|Win32.ActiveCfg = mingw_shipping|Win32
		{614B7BC9-8C0C-4228-84B4-1FD64EC472E4}.mingw_shipping|Win32.Build.0 = mingw_shipping|Win32
		{614B7BC9-8C0C-4228-84B4-1FD64EC472E4}.msvc_debug_dll|Win32.ActiveCfg = msvc_debug_dll|Win32
		{614B7BC9-8C0C-4228-84B4-1FD64EC472E4}.msvc_debug_dll|Win32.Build.0 = msvc_debug_dll|Win32
		{614B7BC9-8C0C-4228-84B4-1FD64EC472E4}.msvc_debug|Win32.ActiveCfg = msvc_debug|Win32
		{614B7BC9-8C0C-4228-84B4-1FD64EC472E4}.msvc_debug|Win32.Build.0 = msvc_debug|Win32
		{614B7BC9-8C0C-4228-84B4-1FD64EC472E4}.msvc_release_dll|Win32.ActiveCfg = msvc_release_dll|Win32
		{614B7BC9-8C0C-4228-84B4-1FD64EC472E4}.msvc_release_dll|Win32.Build.0 = msvc_release_dll|Win32
		{614B7BC9-8C0C-4228-84B4-1FD64EC472E4}.msvc_release|Win32.ActiveCfg = msvc_release|Win32
		{614B7BC9-8C0C-4228-84B4-1FD64EC472E4}.msvc_release|Win32.Build.0 = msvc_release|Win32
		{614B7BC9-8C0C-4228-84B4-1FD64EC472E4}.msvc_shipping_dll|Win32.ActiveCfg = msvc_shipping_dll|Win32
		{614B7BC9-8C0C-4228-84B4-1FD64EC472E4}.msvc_shipping_dll|Win32.Build.0 = msvc_shipping_dll|Win32
		{614B7BC9-8C0C-4228-84B4-1FD64EC472E4}.msvc_shipping|Win32.ActiveCfg = msvc_shipping|Win32
		{614B7BC9-8C0C-4228-84B4-1FD64EC472E4}.msvc_shipping|Win32.Build.0 = msvc_shipping|Win32
		{24A2A30D-1C57-4019-AD79-651CE8A7A314}.mingw_debug_dll|Win32.ActiveCfg = mingw_debug_dll|Win32
		{24A2A30D-1C57-4019-AD79-651CE8A7A314}.mingw_debug_dll|Win32.Build.0 = mingw_debug_dll|Win32
		{24A2A30D-1C57-4019-AD79-651CE8A7A314}.mingw_debug|Win32.ActiveCfg = mingw_debug|Win32
		{24A2A30D-1C57-4019-AD79-651CE8A7A314}.mingw_debug|Win32.Build.0 = mingw_debug|Win32
		{24A2A30D-1C57-4019-AD79-651CE8A7A314}.mingw_release_dll|Win32.ActiveCfg = mingw_release_dll|Win32
		{24A2A30D-1C57-4019-AD79-651CE8A7A314}.mingw_release_dll|Win32.Build.0 = mingw_release_dll|Win32
		{24A2A30D-1C57-4019-AD79-651CE8A7A314}.mingw_release|Win32.ActiveCfg = mingw_release|Win32
		{24A2A30D-1C57-4019-AD79-651CE8A7A314}.mingw_release|Win32.Build.0 = mingw_release|Win32
		{24A2A30D-1C57-4019-AD79-651CE8A7A314}.mingw_shipping_dll|Win32.ActiveCfg = mingw_shipping_dll|Win32
		{24A2A30D-1C57-4019-AD79-651CE8A7A314}.mingw_shipping_dll|Win32.Build.0 = mingw_shipping_dll|Win32
		{24A2A30D-1C57-4019-AD79-651CE8A7A314}.mingw_shipping|Win32.ActiveCfg = mingw_shipping|Win32
		{24A2A30D-1C57-4019-AD79-651CE8A7A314}.mingw_shipping|Win32.Build.0 = mingw_shipping|Win32
		{24A2A30D-1C57-4019-AD79-651CE8A7A314}.msvc_debug_dll|Win32.ActiveCfg = msvc_debug_dll|Win32
		{24A2A30D-1C57-4019-AD79-651CE8A7A314}.msvc_debug_dll|Win32.Build.0 = msvc_debug_dll|Win32
		{24A2A30D-1C57-4019-AD79-651CE8A7A314}.msvc_debug|Win32.ActiveCfg = msvc_debug|Win32
		{24A2A30D-1C57-4019-AD79-651CE8A7A314}.msvc_debug|Win32.Build.0 = msvc_debug|Win32
		{24A2A30D-1C57-4019-AD79-651CE8A7A314}.msvc_release_dll|Win32.ActiveCfg = msvc_release_dll|Win32
		{24A2A30D-1C57-4019-AD79-651CE8A7A314}.msvc_release_dll|Win32.Build.0 = msvc_release_dll|Win32
		{24A2A30D-1C57-4019-AD79-651CE8A7A314}.msvc_release|Win32.ActiveCfg = msvc_release|Win32
		{24A2A30D-1C57-4019-AD79-651CE8A7A314}.msvc_release|Win32.Build.0 = msvc_release|Win32
		{24A2A30D-1C57-4019-AD79-651CE8A7A314}.msvc_shipping_dll|Win32.ActiveCfg = msvc_shipping_dll|Win32
		{24A2A30D-1C57-4019-AD79-651CE8A7A314}.msvc_shipping_dll|Win32.Build.0 = msvc_shipping_dll|Win32
		{24A2A30D-1C57-4019-AD79-651CE8A7A314}.msvc_shipping|Win32.ActiveCfg = msvc_shipping|Win32
		{24A2A30D-1C57-4019-AD79-651CE8A7A314}.msvc_shipping|Win32.Build.0 = msvc_shipping|Win32
		{B1EB0C0B-8E2A-497E-BE1B-069727A9104F}.mingw_debug_dll|Win32.ActiveCfg = mingw_debug_dll|Win32
		{B1EB0C0B-8E2A-497E-BE1B-069727A9104F}.mingw_debug_dll|Win32.Build.0 = mingw_debug_dll|Win32
		{B1EB0C0B-8E2A-497E-BE1B-069727A9104F}.mingw_debug|Win32.ActiveCfg = mingw_debug|Win32
		{B1EB0C0B-8E2A-497E-BE1B-069727A9104F}.mingw_debug|Win32.Build.0 = mingw_debug|Win32
		{B1EB0C0B-8E2A-497E-BE1B-069727A9104F}.mingw_release_dll|Win32.ActiveCfg = mingw_release_dll|Win32
		{B1EB0C0B-8E2A-497E-BE1B-069727A9104F}.mingw_release_dll|Win32.Build.0 = mingw_release_dll|Win32
		{B1EB0C0B-8E2A-497E-BE1B-069727A9104F}.mingw_release|Win32.ActiveCfg = mingw_release|Win32
		{B1EB0C0B-8E2A-497E-BE1B-069727A9104F}.mingw_release|Win32.Build.0 = mingw_release|Win32
		{B1EB0C0B-8E2A-497E-BE1B-069727A9104F}.mingw_shipping_dll|Win32.ActiveCfg = mingw_shipping_dll|Win32
		{B1EB0C0B-8E2A-497E-BE1B-069727A9104F}.mingw_shipping_dll|Win32.Build.0 = mingw_shipping_dll|Win32
		{B1EB0C0B-8E2A-497E-BE1B-069727A9104F}.mingw_shipping|Win32.ActiveCfg = mingw_shipping|Win32
		{B1EB0C0B-8E2A-497E-BE1B-069727A9104F}.mingw_shipping|Win32.Build.0 = mingw_shipping|Win32
		{B1EB0C0B-8E2A-497E-BE1B-069727A9104F}.msvc_debug_dll|Win32.ActiveCfg = msvc_debug_dll|Win32
		{B1EB0C0B-8E2A-497E-BE1B-069727A9104F}.msvc_debug_dll|Win32.Build.0 = msvc_debug_dll|Win32
		{B1EB0C0B-8E2A-497E-BE1B-069727A9104F}.msvc_debug|Win32.ActiveCfg = msvc_debug|Win32
		{B1EB0C0B-8E2A-497E-BE1B-069727A9104F}.msvc_debug|Win32.Build.0 = msvc_debug|Win32
		{B1EB0C0B-8E2A-497E-BE1B-069727A9104F}.msvc_release_dll|Win32.ActiveCfg = msvc_release_dll|Win32
		{B1EB0C0B-8E2A-497E-BE1B-069727A9104F}.msvc_release_dll|Win32.Build.0 = msvc_release_dll|Win32
		{B1EB0C0B-8E2A-497E-BE1B-069727A9104F}.msvc_release|Win32.ActiveCfg = msvc_release|Win32
		{B1EB0C0B-8E2A-497E-BE1B-069727A9104F}.msvc_release|Win32.Build.0 = msvc_release|Win32
		{B1EB0C0B-8E2A-497E-BE1B-069727A9104F}.msvc_shipping_dll|Win32.ActiveCfg = msvc_shipping_dll|Win32
		{B1EB0C0B-8E2A-497E-BE1B-069727A9104F}.msvc_shipping_dll|Win32.Build.0 = msvc_shipping_dll|Win32
		{B1EB0C0B-8E2A-497E-BE1B-069727A9104F}.msvc_shipping|Win32.ActiveCfg = msvc_shipping|Win32
		{B1EB0C0B-8E2A-497E-BE1B-069727A9104F}.msvc_shipping|Win32.Build.0 = msvc_shipping|Win32
		{1DA27A46-CE1C-41E0-8CA9-777F7F073772}.mingw_debug_dll|Win32.ActiveCfg = mingw_debug_dll|Win32
		{1DA27A46-CE1C-41E0-8CA9-777F7F073772}.mingw_debug_dll|Win32.Build.0 = mingw_debug_dll|Win32
		{1DA27A46-CE1C-41E0-8CA9-777F7F073772}.mingw_debug|Win32.ActiveCfg = mingw_debug|Win32
		{1DA27A46-CE1C-41E0-8CA9-777F7F073772}.mingw_debug|Win32.Build.0 = mingw_debug|Win32
		{1DA27A46-CE1C-41E0-8CA9-777F7F073772}.mingw_release_dll|Win32.ActiveCfg = mingw_release_dll|Win32
		{1DA27A46-CE1C-41E0-8CA9-777F7F073772}.mingw_release_dll|Win32.Build.0 = mingw_release_dll|Win32
		{1DA27A46-CE1C-41E0-8CA9-777F7F073772}.mingw_release|Win32.ActiveCfg = mingw_release|Win32
		{1DA27A46-CE1C-41E0-8CA9-777F7F073772}.mingw_release|Win32.Build.0 = mingw_release|Win32
		{1DA27A46-CE1C-41E0-8CA9-777F7F073772}.mingw_shipping_dll|Win32.ActiveCfg = mingw_shipping_dll|Win32
		{1DA27A46-CE1C-41E0-8CA9-777F7F073772}.mingw_shipping_dll|Win32.Build.0 = mingw_shipping_dll|Win32
		{1DA27A46-CE1C-41E0-8CA9-777F7F073772}.mingw_shipping|Win32.ActiveCfg = mingw_shipping|Win32
		{1DA27A46-CE1C-41E0-8CA9-777F7F073772}.mingw_shipping|Win32.Build.0 = mingw_shipping|Win32
		{1DA27A46-CE1C-41E0-8CA9-777F7F073772}.msvc_debug_dll|Win32.ActiveCfg = msvc_debug_dll|Win32
		{1DA27A46-CE1C-41E0-8CA9-777F7F073772}.msvc_debug_dll|Win32.Build.0 = msvc_debug_dll|Win32
		{1DA27A46-CE1C-41E0-8CA9-777F7F073772}.msvc_debug|Win32.ActiveCfg = msvc_debug|Win32
		{1DA27A46-CE1C-41E0-8CA9-777F7F073772}.msvc_debug|Win32.Build.0 = msvc_debug|Win32
		{1DA27A46-CE1C-41E0-8CA9-777F7F073772}.msvc_release_dll|Win32.ActiveCfg = msvc_release_dll|Win32
		{1DA27A46-CE1C-41E0-8CA9-777F7F073772}.msvc_release_dll|Win32.Build.0 = msvc_release_dll|Win32
		{1DA27A46-CE1C-41E0-8CA9-777F7F073772}.msvc_release|Win32.ActiveCfg = msvc_release|Win32
		{1DA27A46-CE1C-41E0-8CA9-777F7F073772}.msvc_release|Win32.Build.0 = msvc_release|Win32
		{1DA27A46-CE1C-41E0-8CA9-777F7F073772}.msvc_shipping_dll|Win32.ActiveCfg = msvc_shipping_dll|Win32
		{1DA27A46-CE1C-41E0-8CA9-777F7F073772}.msvc_shipping_dll|Win32.Build.0 = msvc_shipping_dll|Win32
		{1DA27A46-CE1C-41E0-8CA9-777F7F073772}.msvc_shipping|Win32.ActiveCfg = msvc_shipping|Win32
		{1DA27A46-CE1C-41E0-8CA9-777F7F073772}.msvc_shipping|Win32.Build.0 = msvc_shipping|Win32
		{686A7A31-CE02-418A-B50B-DDF10322F60D}.mingw_debug_dll|Win32.ActiveCfg = mingw_debug_dll|Win32
		{686A7A31-CE02-418A-B50B-DDF10322F60D}.mingw_debug_dll|Win32.Build.0 = mingw_debug_dll|Win32
		{686A7A31-CE02-418A-B50B-DDF10322F60D}.mingw_debug|Win32.ActiveCfg = mingw_debug|Win32
		{686A7A31-CE02-418A-B50B-DDF10322F60D}.mingw_debug|Win32.Build.0 = mingw_debug|Win32
		{686A7A31-CE02-418A-B50B-DDF10322F60D}.mingw_release_dll|Win32.ActiveCfg = mingw_release_dll|Win32
		{686A7A31-CE02-418A-B50B-DDF10322F60D}.mingw_release_dll|Win32.Build.0 = mingw_release_dll|Win32
		{686A7A31-CE02-418A-B50B-DDF10322F60D}.mingw_release|Win32.ActiveCfg = mingw_release|Win32
		{686A7A31-CE02-418A-B50B-DDF10322F60D}.mingw_release|Win32.Build.0 = mingw_release|Win32
		{686A7A31-CE02-418A-B50B-DDF10322F60D}.mingw_shipping_dll|Win32.ActiveCfg = mingw_shipping_dll|Win32
		{686A7A31-CE02-418A-B50B-DDF10322F60D}.mingw_shipping_dll|Win32.Build.0 = mingw_shipping_dll|Win32
		{686A7A31-CE02-418A-B50B-DDF10322F60D}.mingw_shipping|Win32.ActiveCfg = mingw_shipping|Win32
		{686A7A31-CE02-418A-B50B-DDF10322F60D}.mingw_shipping|Win32.Build.0 = mingw_shipping|Win32
		{686A7A31-CE02-418A-B50B-DDF10322F60D}.msvc_debug_dll|Win32.ActiveCfg = msvc_debug_dll|Win32
		{686A7A31-CE02-418A-B50B-DDF10322F60D}.msvc_debug_dll|Win32.Build.0 = msvc_debug_dll|Win32
		{686A7A31-CE02-418A-B50B-DDF10322F60D}.msvc_debug|Win32.ActiveCfg = msvc_debug|Win32
		{686A7A31-CE02-418A-B50B-DDF10322F60D}.msvc_debug|Win32.Build.0 = msvc_debug|Win32
		{686A7A31-CE02-418A-B50B-DDF10322F60D}.msvc_release_dll|Win32.ActiveCfg = msvc_release_dll|Win32
		{686A7A31-CE02-418A-B50B-DDF10322F60D}.msvc_release_dll|Win32.Build.0 = msvc_release_dll|Win32
		{686A7A31-CE02-418A-B50B-DDF10322F60D}.msvc_release|Win32.ActiveCfg = msvc_release|Win32
		{686A7A31-CE02-418A-B50B-DDF10322F60D}.msvc_release|Win32.Build.0 = msvc_release|Win32
		{686A7A31-CE02-418A-B50B-DDF10322F60D}.msvc_shipping_dll|Win32.ActiveCfg = msvc_shipping_dll|Win32
		{686A7A31-CE02-418A-B50B-DDF10322F60D}.msvc_shipping_dll|Win32.Build.0 = msvc_shipping_dll|Win32
		{686A7A31-CE02-418A-B50B-DDF10322F60D}.msvc_shipping|Win32.ActiveCfg = msvc_shipping|Win32
		{686A7A31-CE02-418A-B50B-DDF10322F60D}.msvc_shipping|Win32.Build.0 = msvc_shipping|Win32
		{E87EEAD6-6FE9-47EC-B04F-8B66F39B7A4B}.mingw_debug_dll|Win32.ActiveCfg = mingw_debug_dll|Win32
		{E87EEAD6-6FE9-47EC-B04F-8B66F39B7A4B}.mingw_debug_dll|Win32.Build.0 = mingw_debug_dll|Win32
		{E87EEAD6-6FE9-47EC-B04F-8B66F39B7A4B}.mingw_debug|Win32.ActiveCfg = mingw_debug|Win32
		{E87EEAD6-6FE9-47EC-B04F-8B66F39B7A4B}.mingw_debug|Win32.Build.0 = mingw_debug|Win32
		{E87EEAD6-6FE9-47EC-B04F-8B66F39B7A4B}.mingw_release_dll|Win32.ActiveCfg = mingw_release_dll|Win32
		{E87EEAD6-6FE9-47EC-B04F-8B66F39B7A4B}.mingw_release_dll|Win32.Build.0 = mingw_release_dll|Win32
		{E87EEAD6-6FE9-47EC-B04F-8B66F39B7A4B}.mingw_release|Win32.ActiveCfg = mingw_release|Win32
		{E87EEAD6-6FE9-47EC-B04F-8B66F39B7A4B}.mingw_release|Win32.Build.0 = mingw_release|Win32
		{E87EEAD6-6FE9-47EC-B04F-8B66F39B7A4B}.mingw_shipping_dll|Win32.ActiveCfg = mingw_shipping_dll|Win32
		{E87EEAD6-6FE9-47EC-B04F-8B66F39B7A4B}.mingw_shipping_dll|Win32.Build.0 = mingw_shipping_dll|Win32
		{E87EEAD6-6FE9-47EC-B04F-8B66F39B7A4B}.mingw_shipping|Win32.ActiveCfg = mingw_shipping|Win32
		{E87EEAD6-6FE9-47EC-B04F-8B66F39B7A4B}.mingw_shipping|Win32.Build.0 = mingw_shipping|Win32
		{E87EEAD6-6FE9-47EC-B04F-8B66F39B7A4B}.msvc_debug_dll|Win32.ActiveCfg = msvc_debug_dll|Win32
		{E87EEAD6-6FE9-47EC-B04F-8B66F39B7A4B}.msvc_debug_dll|Win32.Build.0 = msvc_debug_dll|Win32
		{E87EEAD6-6FE9-47EC-B04F-8B66F39B7A4B}.msvc_debug|Win32.ActiveCfg = msvc_debug|Win32
		{E87EEAD6-6FE9-47EC-B04F-8B66F39B7A4B}.msvc_debug|Win32.Build.0 = msvc_debug|Win32
		{E87EEAD6-6FE9-47EC-B04F-8B66F39B7A4B}.msvc_release_dll|Win32.ActiveCfg = msvc_release_dll|Win32
		{E87EEAD6-6FE9-47EC-B04F-8B66F39B7A4B}.msvc_release_dll|Win32.Build.0 = msvc_release_dll|Win32
		{E87EEAD6-6FE9-47EC-B04F-8B66F39B7A4B}.msvc_release|Win32.ActiveCfg = msvc_release|Win32
		{E87EEAD6-6FE9-47EC-B04F-8B66F39B7A4B}.msvc_release|Win32.Build.0 = msvc_release|Win32
		{E87EEAD6-6FE9-47EC-B04F-8B66F39B7A4B}.msvc_shipping_dll|Win32.ActiveCfg = msvc_shipping_dll|Win32
		{E87EEAD6-6FE9-47EC-B04F-8B66F39B7A4B}.msvc_shipping_dll|Win32.Build.0 = msvc_shipping_dll|Win32
		{E87EEAD6-6FE9-47EC-B04F-8B66F39B7A4B}.msvc_shipping|Win32.ActiveCfg = msvc_shipping|Win32
		{E87EEAD6-6FE9-47EC-B04F-8B66F39B7A4B}.msvc_shipping|Win32.Build.0 = msvc_shipping|Win32
		{94A75B09-C8CB-4DC5-ABAE-1A8A8632F4E9}.mingw_debug_dll|Win32.ActiveCfg = mingw_debug_dll|Win32
		{94A75B09-C8CB-4DC5-ABAE-1A8A8632F4E9}.mingw_debug_dll|Win32.Build.0 = mingw_debug_dll|Win32
		{94A75B09-C8CB-4DC5-ABAE-1A8A8632F4E9}.mingw_debug|Win32.ActiveCfg = mingw_debug|Win32
		{94A75B09-C8CB-4DC5-ABAE-1A8A8632F4E9}.mingw_debug|Win32.Build.0 = mingw_debug|Win32
		{94A75B09-C8CB-4DC5-ABAE-1A8A8632F4E9}.mingw_release_dll|Win32.ActiveCfg = mingw_release_dll|Win32
		{94A75B09-C8CB-4DC5-ABAE-1A8A8632F4E9}.mingw_release_dll|Win32.Build.0 = mingw_release_dll|Win32
		{94A75B09-C8CB-4DC5-ABAE-1A8A8632F4E9}.mingw_release|Win32.ActiveCfg = mingw_release|Win32
		{94A75B09-C8CB-4DC5-ABAE-1A8A8632F4E9}.mingw_release|Win32.Build.0 = mingw_release|Win32
		{94A75B09-C8CB-4DC5-ABAE-1A8A8632F4E9}.mingw_shipping_dll|Win32.ActiveCfg = mingw_shipping_dll|Win32
		{94A75B09-C8CB-4DC5-ABAE-1A8A8632F4E9}.mingw_shipping_dll|Win32.Build.0 = mingw_shipping_dll|Win32
		{94A75B09-C8CB-4DC5-ABAE-1A8A8632F4E9}.mingw_shipping|Win32.ActiveCfg = mingw_shipping|Win32
		{94A75B09-C8CB-4DC5-ABAE-1A8A8632F4E9}.mingw_shipping|Win32.Build.0 = mingw_shipping|Win32
		{94A75B09-C8CB-4DC5-ABAE-1A8A8632F4E9}.msvc_debug_dll|Win32.ActiveCfg = msvc_debug_dll|Win32
		{94A75B09-C8CB-4DC5-ABAE-1A8A8632F4E9}.msvc_debug_dll|Win32.Build.0 = msvc_debug_dll|Win32
		{94A75B09-C8CB-4DC5-ABAE-1A8A8632F4E9}.msvc_debug|Win32.ActiveCfg = msvc_debug|Win32
		{94A75B09-C8CB-4DC5-ABAE-1A8A8632F4E9}.msvc_debug|Win32.Build.0 = msvc_debug|Win32
		{94A75B09-C8CB-4DC5-ABAE-1A8A8632F4E9}.msvc_release_dll|Win32.ActiveCfg = msvc_release_dll|Win32
		{94A75B09-C8CB-4DC5-ABAE-1A8A8632F4E9}.msvc_release_dll|Win32.Build.0 = msvc_release_dll|Win32
		{94A75B09-C8CB-4DC5-ABAE-1A8A8632F4E9}.msvc_release|Win32.ActiveCfg = msvc_release|Win32
		{94A75B09-C8CB-4DC5-ABAE-1A8A8632F4E9}.msvc_release|Win32.Build.0 = msvc_release|Win32
		{94A75B09-C8CB-4DC5-ABAE-1A8A8632F4E9}.msvc_shipping_dll|Win32.ActiveCfg = msvc_shipping_dll|Win32
		{94A75B09-C8CB-4DC5-ABAE-1A8A8632F4E9}.msvc_shipping_dll|Win32.Build.0 = msvc_shipping_dll|Win32
		{94A75B09-C8CB-4DC5-ABAE-1A8A8632F4E9}.msvc_shipping|Win32.ActiveCfg = msvc_shipping|Win32
		{94A75B09-C8CB-4DC5-ABAE-1A8A8632F4E9}.msvc_shipping|Win32.Build.0 = msvc_shipping|Win32
		{10FEE004-65F2-41FF-B7DB-F97FD6D455CF}.mingw_debug_dll|Win32.ActiveCfg = mingw_debug_dll|Win32
		{10FEE004-65F2-41FF-B7DB-F97FD6D455CF}.mingw_debug_dll|Win32.Build.0 = mingw_debug_dll|Win32
		{10FEE004-65F2-41FF-B7DB-F97FD6D455CF}.mingw_debug|Win32.ActiveCfg = mingw_debug|Win32
		{10FEE004-65F2-41FF-B7DB-F97FD6D455CF}.mingw_debug|Win32.Build.0 = mingw_debug|Win32
		{10FEE004-65F2-41FF-B7DB-F97FD6D455CF}.mingw_release_dll|Win32.ActiveCfg = mingw_release_dll|Win32
		{10FEE004-65F2-41FF-B7DB-F97FD6D455CF}.mingw_release_dll|Win32.Build.0 = mingw_release_dll|Win32
		{10FEE004-65F2-41FF-B7DB-F97FD6D455CF}.mingw_release|Win32.ActiveCfg = mingw_release|Win32
		{10FEE004-65F2-41FF-B7DB-F97FD6D455CF}.mingw_release|Win32.Build.0 = mingw_release|Win32
		{10FEE004-65F2-41FF-B7DB-F97FD6D455CF}.mingw_shipping_dll|Win32.ActiveCfg = mingw_shipping_dll|Win32
		{10FEE004-65F2-41FF-B7DB-F97FD6D455CF}.mingw_shipping_dll|Win32.Build.0 = mingw_shipping_dll|Win32
		{10FEE004-65F2-41FF-B7DB-F97FD6D455CF}.mingw_shipping|Win32.ActiveCfg = mingw_shipping|Win32
		{10FEE004-65F2-41FF-B7DB-F97FD6D455CF}.mingw_shipping|Win32.Build.0 = mingw_shipping|Win32
		{10FEE004-65F2-41FF-B7DB-F97FD6D455CF}.msvc_debug_dll|Win32.ActiveCfg = msvc_debug_dll|Win32
		{10FEE004-65F2-41FF-B7DB-F97FD6D455CF}.msvc_debug_dll|Win32.Build.0 = msvc_debug_dll|Win32
		{10FEE004-65F2-41FF-B7DB-F97FD6D455CF}.msvc_debug|Win32.ActiveCfg = msvc_debug|Win32
		{10FEE004-65F2-41FF-B7DB-F97FD6D455CF}.msvc_debug|Win32.Build.0 = msvc_debug|Win32
		{10FEE004-65F2-41FF-B7DB-F97FD6D455CF}.msvc_release_dll|Win32.ActiveCfg = msvc_release_dll|Win32
		{10FEE004-65F2-41FF-B7DB-F97FD6D455CF}.msvc_release_dll|Win32.Build.0 = msvc_release_dll|Win32
		{10FEE004-65F2-41FF-B7DB-F97FD6D455CF}.msvc_release|Win32.ActiveCfg = msvc_release|Win32
		{10FEE004-65F2-41FF-B7DB-F97FD6D455CF}.msvc_release|Win32.Build.0 = msvc_release|Win32
		{10FEE004-65F2-41FF-B7DB-F97FD6D455CF}.msvc_shipping_dll|Win32.ActiveCfg = msvc_shipping_dll|Win32
		{10FEE004-65F2-41FF-B7DB-F97FD6D455CF}.msvc_shipping_dll|Win32.Build.0 = msvc_shipping_dll|Win32
		{10FEE004-65F2-41FF-B7DB-F97FD6D455CF}.msvc_shipping|Win32.ActiveCfg = msvc_shipping|Win32
		{10FEE004-65F2-41FF-B7DB-F97FD6D455CF}.msvc_shipping|Win32.Build.0 = msvc_shipping|Win32
	EndGlobalSection
	GlobalSection(SolutionProperties) = preSolution
		HideSolutionNode = FALSE
	EndGlobalSection
	GlobalSection(NestedProjects) = preSolution
		{EF8E4419-836F-4351-85CC-E387E17EF570} = {485CFC68-2326-4D58-96A0-85B0CED7FD96}
		{17FDD953-1D77-4489-8E54-9A3783022D3B} = {B8A3BB26-7E0A-425F-BFA8-EE21462FD767}
		{0368EB01-6E14-43F1-9532-5A3B2CCC6ADC} = {A9AE4406-2A3F-452E-80D8-534E4D0163A0}
		{42968798-E25F-4599-A59A-FEFD51B3EF4A} = {A9AE4406-2A3F-452E-80D8-534E4D0163A0}
		{2A33010B-261D-4EB6-8288-D03FA319DE64} = {44F15129-CD65-46DA-B4FD-AD9C5CCA3700}
		{614B7BC9-8C0C-4228-84B4-1FD64EC472E4} = {44F15129-CD65-46DA-B4FD-AD9C5CCA3700}
		{8E43BEC1-251A-4ABE-8E02-22C1A58F8C76} = {C4B1E259-E6C7-43DB-8FA7-B38213554FFD}
		{686A7A31-CE02-418A-B50B-DDF10322F60D} = {C4B1E259-E6C7-43DB-8FA7-B38213554FFD}
		{E87EEAD6-6FE9-47EC-B04F-8B66F39B7A4B} = {34407E98-B4CC-417E-8947-79EAF3E3F334}
		{94A75B09-C8CB-4DC5-ABAE-1A8A8632F4E9} = {34407E98-B4CC-417E-8947-79EAF3E3F334}
		{10FEE004-65F2-41FF-B7DB-F97FD6D455CF} = {34407E98-B4CC-417E-8947-79EAF3E3F334}
		{1DA27A46-CE1C-41E0-8CA9-777F7F073772} = {0D154C60-7DEA-4667-83C4-6F113C0AC51E}
		{D77D4918-0B4D-449F-834B-EA4EF334D2E7} = {BDB8217A-7960-4106-9F25-0D1B08982840}
		{24A2A30D-1C57-4019-AD79-651CE8A7A314} = {43AEDD86-2E27-4ED3-8EC7-5FF6696B175E}
		{B1EB0C0B-8E2A-497E-BE1B-069727A9104F} = {983FCB1A-92FD-4755-91AC-C0F1326FB717}
	EndGlobalSection
EndGlobal
